
Microsoft Visual Studio Solution File, Format Version 12.00
# Visual Studio Version 16
VisualStudioVersion = 16.0.30804.86
MinimumVisualStudioVersion = 10.0.40219.1
Project("{FAE04EC0-301F-11D3-BF4B-00C04F79EFBC}") = "BookStore", "BookStore.csproj", "{2951B083-F3C1-419E-8579-66743A4CAB66}"
EndProject
Project("{FAE04EC0-301F-11D3-BF4B-00C04F79EFBC}") = "Common", "..\Common\Common.csproj", "{EA79404E-642A-4B59-97A2-AAD7BBF2094C}"
EndProject
Global
	GlobalSection(SolutionConfigurationPlatforms) = preSolution
		Debug|Any CPU = Debug|Any CPU
		Release|Any CPU = Release|Any CPU
	EndGlobalSection
	GlobalSection(ProjectConfigurationPlatforms) = postSolution
		{2951B083-F3C1-419E-8579-66743A4CAB66}.Debug|Any CPU.ActiveCfg = Debug|Any CPU
		{2951B083-F3C1-419E-8579-66743A4CAB66}.Debug|Any CPU.Build.0 = Debug|Any CPU
		{2951B083-F3C1-419E-8579-66743A4CAB66}.Release|Any CPU.ActiveCfg = Release|Any CPU
		{2951B083-F3C1-419E-8579-66743A4CAB66}.Release|Any CPU.Build.0 = Release|Any CPU
		{EA79404E-642A-4B59-97A2-AAD7BBF2094C}.Debug|Any CPU.ActiveCfg = Debug|Any CPU
		{EA79404E-642A-4B59-97A2-AAD7BBF2094C}.Debug|Any CPU.Build.0 = Debug|Any CPU
		{EA79404E-642A-4B59-97A2-AAD7BBF2094C}.Release|Any CPU.ActiveCfg = Release|Any CPU
		{EA79404E-642A-4B59-97A2-AAD7BBF2094C}.Release|Any CPU.Build.0 = Release|Any CPU
	EndGlobalSection
	GlobalSection(SolutionProperties) = preSolution
		HideSolutionNode = FALSE
	EndGlobalSection
	GlobalSection(ExtensibilityGlobals) = postSolution
		SolutionGuid = {AE42C5BA-F1EF-47C6-9CFB-5D5734DA4EBB}
	EndGlobalSection
EndGlobal
